
Microsoft Visual Studio Solution File, Format Version 12.00
# Visual Studio 2017
Project("{FAE04EC0-301F-11D3-BF4B-00C04F79EFBC}") = "ClassTileMapTut", "ClassTileMapTut.csproj", "{840DA1B7-0B0C-C09C-B88A-ED76A4403B98}"
EndProject
Global
	GlobalSection(SolutionConfigurationPlatforms) = preSolution
		Debug|Any CPU = Debug|Any CPU
		Release|Any CPU = Release|Any CPU
	EndGlobalSection
	GlobalSection(ProjectConfigurationPlatforms) = postSolution
		{840DA1B7-0B0C-C09C-B88A-ED76A4403B98}.Debug|Any CPU.ActiveCfg = Debug|Any CPU
		{840DA1B7-0B0C-C09C-B88A-ED76A4403B98}.Debug|Any CPU.Build.0 = Debug|Any CPU
		{840DA1B7-0B0C-C09C-B88A-ED76A4403B98}.Release|Any CPU.ActiveCfg = Release|Any CPU
		{840DA1B7-0B0C-C09C-B88A-ED76A4403B98}.Release|Any CPU.Build.0 = Release|Any CPU
	EndGlobalSection
	GlobalSection(SolutionProperties) = preSolution
		HideSolutionNode = FALSE
	EndGlobalSection
EndGlobal
